
Microsoft Visual Studio Solution File, Format Version 12.00
# Visual Studio 15
VisualStudioVersion = 15.0.26124.0
MinimumVisualStudioVersion = 15.0.26124.0
Project("{FAE04EC0-301F-11D3-BF4B-00C04F79EFBC}") = "src", "src\src.csproj", "{792FED5C-1AE5-4100-8B5C-5AD08685A187}"
EndProject
Project("{FAE04EC0-301F-11D3-BF4B-00C04F79EFBC}") = "test", "test\test.csproj", "{CD7E55DD-B354-474B-A981-3A9B56AB544A}"
EndProject
Global
	GlobalSection(SolutionConfigurationPlatforms) = preSolution
		Debug|Any CPU = Debug|Any CPU
		Debug|x64 = Debug|x64
		Debug|x86 = Debug|x86
		Release|Any CPU = Release|Any CPU
		Release|x64 = Release|x64
		Release|x86 = Release|x86
	EndGlobalSection
	GlobalSection(SolutionProperties) = preSolution
		HideSolutionNode = FALSE
	EndGlobalSection
	GlobalSection(ProjectConfigurationPlatforms) = postSolution
		{792FED5C-1AE5-4100-8B5C-5AD08685A187}.Debug|Any CPU.ActiveCfg = Debug|Any CPU
		{792FED5C-1AE5-4100-8B5C-5AD08685A187}.Debug|Any CPU.Build.0 = Debug|Any CPU
		{792FED5C-1AE5-4100-8B5C-5AD08685A187}.Debug|x64.ActiveCfg = Debug|Any CPU
		{792FED5C-1AE5-4100-8B5C-5AD08685A187}.Debug|x64.Build.0 = Debug|Any CPU
		{792FED5C-1AE5-4100-8B5C-5AD08685A187}.Debug|x86.ActiveCfg = Debug|Any CPU
		{792FED5C-1AE5-4100-8B5C-5AD08685A187}.Debug|x86.Build.0 = Debug|Any CPU
		{792FED5C-1AE5-4100-8B5C-5AD08685A187}.Release|Any CPU.ActiveCfg = Release|Any CPU
		{792FED5C-1AE5-4100-8B5C-5AD08685A187}.Release|Any CPU.Build.0 = Release|Any CPU
		{792FED5C-1AE5-4100-8B5C-5AD08685A187}.Release|x64.ActiveCfg = Release|Any CPU
		{792FED5C-1AE5-4100-8B5C-5AD08685A187}.Release|x64.Build.0 = Release|Any CPU
		{792FED5C-1AE5-4100-8B5C-5AD08685A187}.Release|x86.ActiveCfg = Release|Any CPU
		{792FED5C-1AE5-4100-8B5C-5AD08685A187}.Release|x86.Build.0 = Release|Any CPU
		{CD7E55DD-B354-474B-A981-3A9B56AB544A}.Debug|Any CPU.ActiveCfg = Debug|Any CPU
		{CD7E55DD-B354-474B-A981-3A9B56AB544A}.Debug|Any CPU.Build.0 = Debug|Any CPU
		{CD7E55DD-B354-474B-A981-3A9B56AB544A}.Debug|x64.ActiveCfg = Debug|Any CPU
		{CD7E55DD-B354-474B-A981-3A9B56AB544A}.Debug|x64.Build.0 = Debug|Any CPU
		{CD7E55DD-B354-474B-A981-3A9B56AB544A}.Debug|x86.ActiveCfg = Debug|Any CPU
		{CD7E55DD-B354-474B-A981-3A9B56AB544A}.Debug|x86.Build.0 = Debug|Any CPU
		{CD7E55DD-B354-474B-A981-3A9B56AB544A}.Release|Any CPU.ActiveCfg = Release|Any CPU
		{CD7E55DD-B354-474B-A981-3A9B56AB544A}.Release|Any CPU.Build.0 = Release|Any CPU
		{CD7E55DD-B354-474B-A981-3A9B56AB544A}.Release|x64.ActiveCfg = Release|Any CPU
		{CD7E55DD-B354-474B-A981-3A9B56AB544A}.Release|x64.Build.0 = Release|Any CPU
		{CD7E55DD-B354-474B-A981-3A9B56AB544A}.Release|x86.ActiveCfg = Release|Any CPU
		{CD7E55DD-B354-474B-A981-3A9B56AB544A}.Release|x86.Build.0 = Release|Any CPU
	EndGlobalSection
EndGlobal
